
Microsoft Visual Studio Solution File, Format Version 12.00
# Visual Studio Version 17
VisualStudioVersion = 17.8.34330.188
MinimumVisualStudioVersion = 10.0.40219.1
Project("{FAE04EC0-301F-11D3-BF4B-00C04F79EFBC}") = "TechOrda.Routing", "TechOrda.Routing\TechOrda.Routing.csproj", "{DE7397CB-5CE1-4F6D-ACBF-E6C86DCCDC1E}"
EndProject
Project("{FAE04EC0-301F-11D3-BF4B-00C04F79EFBC}") = "WebAPI.APP", "WebAPI.APP\WebAPI.APP.csproj", "{AA4FF46A-580F-4CE2-9063-3C5FD4DC0C1D}"
EndProject
Global
	GlobalSection(SolutionConfigurationPlatforms) = preSolution
		Debug|Any CPU = Debug|Any CPU
		Release|Any CPU = Release|Any CPU
	EndGlobalSection
	GlobalSection(ProjectConfigurationPlatforms) = postSolution
		{DE7397CB-5CE1-4F6D-ACBF-E6C86DCCDC1E}.Debug|Any CPU.ActiveCfg = Debug|Any CPU
		{DE7397CB-5CE1-4F6D-ACBF-E6C86DCCDC1E}.Debug|Any CPU.Build.0 = Debug|Any CPU
		{DE7397CB-5CE1-4F6D-ACBF-E6C86DCCDC1E}.Release|Any CPU.ActiveCfg = Release|Any CPU
		{DE7397CB-5CE1-4F6D-ACBF-E6C86DCCDC1E}.Release|Any CPU.Build.0 = Release|Any CPU
		{AA4FF46A-580F-4CE2-9063-3C5FD4DC0C1D}.Debug|Any CPU.ActiveCfg = Debug|Any CPU
		{AA4FF46A-580F-4CE2-9063-3C5FD4DC0C1D}.Debug|Any CPU.Build.0 = Debug|Any CPU
		{AA4FF46A-580F-4CE2-9063-3C5FD4DC0C1D}.Release|Any CPU.ActiveCfg = Release|Any CPU
		{AA4FF46A-580F-4CE2-9063-3C5FD4DC0C1D}.Release|Any CPU.Build.0 = Release|Any CPU
	EndGlobalSection
	GlobalSection(SolutionProperties) = preSolution
		HideSolutionNode = FALSE
	EndGlobalSection
	GlobalSection(ExtensibilityGlobals) = postSolution
		SolutionGuid = {4BC59400-915E-4E3C-AEA6-CCB62BAA6538}
	EndGlobalSection
EndGlobal
